PODS:
  - Bolts/Tasks (1.8.4)
  - Parse (1.14.2):
    - Bolts/Tasks (~> 1.8)
  - SideMenu (1.1.9)

DEPENDENCIES:
  - Parse
  - SideMenu

SPEC CHECKSUMS:
  Bolts: 8a7995239dbe724f9cba2248b766d48b7ebdd322
  Parse: 4335d65f40cb3d43190d723144bbe1afb9c38230
  SideMenu: e4ecb0f1061e19230e53079edb2b300081446f80

PODFILE CHECKSUM: bc7ff65f4dfa5570a97dc318aac8a1bdb037ac06

COCOAPODS: 1.0.1
