// !$*UTF8*$!
{
	archiveVersion = 1;
	classes = {
	};
	objectVersion = 46;
	objects = {

/* Begin PBXBuildFile section */
		12A9B7CFDB51075D675EF3BF /* Pods_Saca_el_coto.framework in Frameworks */ = {isa = PBXBuildFile; fileRef = A1FE6B6F77213A553C1DA4D6 /* Pods_Saca_el_coto.framework */; };
		A349C5791D7E2AEF00F8581A /* AppDelegate.swift in Sources */ = {isa = PBXBuildFile; fileRef = A349C5781D7E2AEF00F8581A /* AppDelegate.swift */; };
		A349C57E1D7E2AEF00F8581A /* Main.storyboard in Resources */ = {isa = PBXBuildFile; fileRef = A349C57C1D7E2AEF00F8581A /* Main.storyboard */; };
		A349C5801D7E2AEF00F8581A /* Assets.xcassets in Resources */ = {isa = PBXBuildFile; fileRef = A349C57F1D7E2AEF00F8581A /* Assets.xcassets */; };
		A349C5831D7E2AEF00F8581A /* LaunchScreen.storyboard in Resources */ = {isa = PBXBuildFile; fileRef = A349C5811D7E2AEF00F8581A /* LaunchScreen.storyboard */; };
		A375CF191D87500D005DDD69 /* SacaElCotoTableViewCell.swift in Sources */ = {isa = PBXBuildFile; fileRef = A375CF181D87500D005DDD69 /* SacaElCotoTableViewCell.swift */; };
		A395D1541D80D2EC004E0AA0 /* SacaElCotoTableViewController.swift in Sources */ = {isa = PBXBuildFile; fileRef = A395D1531D80D2EC004E0AA0 /* SacaElCotoTableViewController.swift */; };
/* End PBXBuildFile section */

/* Begin PBXFileReference section */
		A1FE6B6F77213A553C1DA4D6 /* Pods_Saca_el_coto.framework */ = {isa = PBXFileReference; explicitFileType = wrapper.framework; includeInIndex = 0; path = Pods_Saca_el_coto.framework; sourceTree = BUILT_PRODUCTS_DIR; };
		A349C5751D7E2AEF00F8581A /* Saca el coto.app */ = {isa = PBXFileReference; explicitFileType = wrapper.application; includeInIndex = 0; path = "Saca el coto.app"; sourceTree = BUILT_PRODUCTS_DIR; };
		A349C5781D7E2AEF00F8581A /* AppDelegate.swift */ = {isa = PBXFileReference; lastKnownFileType = sourcecode.swift; path = AppDelegate.swift; sourceTree = "<group>"; };
		A349C57D1D7E2AEF00F8581A /* Base */ = {isa = PBXFileReference; lastKnownFileType = file.storyboard; name = Base; path = Base.lproj/Main.storyboard; sourceTree = "<group>"; };
		A349C57F1D7E2AEF00F8581A /* Assets.xcassets */ = {isa = PBXFileReference; lastKnownFileType = folder.assetcatalog; path = Assets.xcassets; sourceTree = "<group>"; };
		A349C5821D7E2AEF00F8581A /* Base */ = {isa = PBXFileReference; lastKnownFileType = file.storyboard; name = Base; path = Base.lproj/LaunchScreen.storyboard; sourceTree = "<group>"; };
		A349C5841D7E2AEF00F8581A /* Info.plist */ = {isa = PBXFileReference; lastKnownFileType = text.plist.xml; path = Info.plist; sourceTree = "<group>"; };
		A375CF181D87500D005DDD69 /* SacaElCotoTableViewCell.swift */ = {isa = PBXFileReference; fileEncoding = 4; lastKnownFileType = sourcecode.swift; path = SacaElCotoTableViewCell.swift; sourceTree = "<group>"; };
		A395D1531D80D2EC004E0AA0 /* SacaElCotoTableViewController.swift */ = {isa = PBXFileReference; fileEncoding = 4; lastKnownFileType = sourcecode.swift; path = SacaElCotoTableViewController.swift; sourceTree = "<group>"; };
		EBAD43C384BA66948B7F7E58 /* Pods-Saca el coto.debug.xcconfig */ = {isa = PBXFileReference; includeInIndex = 1; lastKnownFileType = text.xcconfig; name = "Pods-Saca el coto.debug.xcconfig"; path = "Pods/Target Support Files/Pods-Saca el coto/Pods-Saca el coto.debug.xcconfig"; sourceTree = "<group>"; };
		EE35233AEE98353882196F1E /* Pods-Saca el coto.release.xcconfig */ = {isa = PBXFileReference; includeInIndex = 1; lastKnownFileType = text.xcconfig; name = "Pods-Saca el coto.release.xcconfig"; path = "Pods/Target Support Files/Pods-Saca el coto/Pods-Saca el coto.release.xcconfig"; sourceTree = "<group>"; };
/* End PBXFileReference section */

/* Begin PBXFrameworksBuildPhase section */
		A349C5721D7E2AEF00F8581A /* Frameworks */ = {
			isa = PBXFrameworksBuildPhase;
			buildActionMask = 2147483647;
			files = (
				12A9B7CFDB51075D675EF3BF /* Pods_Saca_el_coto.framework in Frameworks */,
			);
			runOnlyForDeploymentPostprocessing = 0;
		};
/* End PBXFrameworksBuildPhase section */

/* Begin PBXGroup section */
		39EFA2F70759B27DE619162A /* Pods */ = {
			isa = PBXGroup;
			children = (
				EBAD43C384BA66948B7F7E58 /* Pods-Saca el coto.debug.xcconfig */,
				EE35233AEE98353882196F1E /* Pods-Saca el coto.release.xcconfig */,
			);
			name = Pods;
			sourceTree = "<group>";
		};
		40E8379325387AEE0B9AC197 /* Frameworks */ = {
			isa = PBXGroup;
			children = (
				A1FE6B6F77213A553C1DA4D6 /* Pods_Saca_el_coto.framework */,
			);
			name = Frameworks;
			sourceTree = "<group>";
		};
		A349C56C1D7E2AEF00F8581A = {
			isa = PBXGroup;
			children = (
				A349C5771D7E2AEF00F8581A /* Saca el coto */,
				A349C5761D7E2AEF00F8581A /* Products */,
				39EFA2F70759B27DE619162A /* Pods */,
				40E8379325387AEE0B9AC197 /* Frameworks */,
			);
			sourceTree = "<group>";
		};
		A349C5761D7E2AEF00F8581A /* Products */ = {
			isa = PBXGroup;
			children = (
				A349C5751D7E2AEF00F8581A /* Saca el coto.app */,
			);
			name = Products;
			sourceTree = "<group>";
		};
		A349C5771D7E2AEF00F8581A /* Saca el coto */ = {
			isa = PBXGroup;
			children = (
				A349C5781D7E2AEF00F8581A /* AppDelegate.swift */,
				A349C57C1D7E2AEF00F8581A /* Main.storyboard */,
				A349C57F1D7E2AEF00F8581A /* Assets.xcassets */,
				A349C5811D7E2AEF00F8581A /* LaunchScreen.storyboard */,
				A349C5841D7E2AEF00F8581A /* Info.plist */,
				A395D1531D80D2EC004E0AA0 /* SacaElCotoTableViewController.swift */,
				A375CF181D87500D005DDD69 /* SacaElCotoTableViewCell.swift */,
			);
			path = "Saca el coto";
			sourceTree = "<group>";
		};
/* End PBXGroup section */

/* Begin PBXNativeTarget section */
		A349C5741D7E2AEF00F8581A /* Saca el coto */ = {
			isa = PBXNativeTarget;
			buildConfigurationList = A349C5871D7E2AEF00F8581A /* Build configuration list for PBXNativeTarget "Saca el coto" */;
			buildPhases = (
				418AECB31640E0E5E0C00E35 /* [CP] Check Pods Manifest.lock */,
				A349C5711D7E2AEF00F8581A /* Sources */,
				A349C5721D7E2AEF00F8581A /* Frameworks */,
				A349C5731D7E2AEF00F8581A /* Resources */,
				CDEE21FFA0A0773F1DF1A95C /* [CP] Embed Pods Frameworks */,
				6AB031C645521D4FC030B4B0 /* [CP] Copy Pods Resources */,
			);
			buildRules = (
			);
			dependencies = (
			);
			name = "Saca el coto";
			productName = "Saca el coto";
			productReference = A349C5751D7E2AEF00F8581A /* Saca el coto.app */;
			productType = "com.apple.product-type.application";
		};
/* End PBXNativeTarget section */

/* Begin PBXProject section */
		A349C56D1D7E2AEF00F8581A /* Project object */ = {
			isa = PBXProject;
			attributes = {
				LastSwiftUpdateCheck = 0800;
				LastUpgradeCheck = 0800;
				ORGANIZATIONNAME = AppData;
				TargetAttributes = {
					A349C5741D7E2AEF00F8581A = {
						CreatedOnToolsVersion = 8.0;
						ProvisioningStyle = Automatic;
					};
				};
			};
			buildConfigurationList = A349C5701D7E2AEF00F8581A /* Build configuration list for PBXProject "Saca el coto" */;
			compatibilityVersion = "Xcode 3.2";
			developmentRegion = English;
			hasScannedForEncodings = 0;
			knownRegions = (
				en,
				Base,
			);
			mainGroup = A349C56C1D7E2AEF00F8581A;
			productRefGroup = A349C5761D7E2AEF00F8581A /* Products */;
			projectDirPath = "";
			projectRoot = "";
			targets = (
				A349C5741D7E2AEF00F8581A /* Saca el coto */,
			);
		};
/* End PBXProject section */

/* Begin PBXResourcesBuildPhase section */
		A349C5731D7E2AEF00F8581A /* Resources */ = {
			isa = PBXResourcesBuildPhase;
			buildActionMask = 2147483647;
			files = (
				A349C5831D7E2AEF00F8581A /* LaunchScreen.storyboard in Resources */,
				A349C5801D7E2AEF00F8581A /* Assets.xcassets in Resources */,
				A349C57E1D7E2AEF00F8581A /* Main.storyboard in Resources */,
			);
			runOnlyForDeploymentPostprocessing = 0;
		};
/* End PBXResourcesBuildPhase section */

/* Begin PBXShellScriptBuildPhase section */
		418AECB31640E0E5E0C00E35 /* [CP] Check Pods Manifest.lock */ = {
			isa = PBXShellScriptBuildPhase;
			buildActionMask = 2147483647;
			files = (
			);
			inputPaths = (
			);
			name = "[CP] Check Pods Manifest.lock";
			outputPaths = (
			);
			runOnlyForDeploymentPostprocessing = 0;
			shellPath = /bin/sh;
			shellScript = "diff \"${PODS_ROOT}/../Podfile.lock\" \"${PODS_ROOT}/Manifest.lock\" > /dev/null\nif [[ $? != 0 ]] ; then\n    cat << EOM\nerror: The sandbox is not in sync with the Podfile.lock. Run 'pod install' or update your CocoaPods installation.\nEOM\n    exit 1\nfi\n";
			showEnvVarsInLog = 0;
		};
		6AB031C645521D4FC030B4B0 /* [CP] Copy Pods Resources */ = {
			isa = PBXShellScriptBuildPhase;
			buildActionMask = 2147483647;
			files = (
			);
			inputPaths = (
			);
			name = "[CP] Copy Pods Resources";
			outputPaths = (
			);
			runOnlyForDeploymentPostprocessing = 0;
			shellPath = /bin/sh;
			shellScript = "\"${SRCROOT}/Pods/Target Support Files/Pods-Saca el coto/Pods-Saca el coto-resources.sh\"\n";
			showEnvVarsInLog = 0;
		};
		CDEE21FFA0A0773F1DF1A95C /* [CP] Embed Pods Frameworks */ = {
			isa = PBXShellScriptBuildPhase;
			buildActionMask = 2147483647;
			files = (
			);
			inputPaths = (
			);
			name = "[CP] Embed Pods Frameworks";
			outputPaths = (
			);
			runOnlyForDeploymentPostprocessing = 0;
			shellPath = /bin/sh;
			shellScript = "\"${SRCROOT}/Pods/Target Support Files/Pods-Saca el coto/Pods-Saca el coto-frameworks.sh\"\n";
			showEnvVarsInLog = 0;
		};
/* End PBXShellScriptBuildPhase section */

/* Begin PBXSourcesBuildPhase section */
		A349C5711D7E2AEF00F8581A /* Sources */ = {
			isa = PBXSourcesBuildPhase;
			buildActionMask = 2147483647;
			files = (
				A349C5791D7E2AEF00F8581A /* AppDelegate.swift in Sources */,
				A395D1541D80D2EC004E0AA0 /* SacaElCotoTableViewController.swift in Sources */,
				A375CF191D87500D005DDD69 /* SacaElCotoTableViewCell.swift in Sources */,
			);
			runOnlyForDeploymentPostprocessing = 0;
		};
/* End PBXSourcesBuildPhase section */

/* Begin PBXVariantGroup section */
		A349C57C1D7E2AEF00F8581A /* Main.storyboard */ = {
			isa = PBXVariantGroup;
			children = (
				A349C57D1D7E2AEF00F8581A /* Base */,
			);
			name = Main.storyboard;
			sourceTree = "<group>";
		};
		A349C5811D7E2AEF00F8581A /* LaunchScreen.storyboard */ = {
			isa = PBXVariantGroup;
			children = (
				A349C5821D7E2AEF00F8581A /* Base */,
			);
			name = LaunchScreen.storyboard;
			sourceTree = "<group>";
		};
/* End PBXVariantGroup section */

/* Begin XCBuildConfiguration section */
		A349C5851D7E2AEF00F8581A /* Debug */ = {
			isa = XCBuildConfiguration;
			buildSettings = {
				ALWAYS_SEARCH_USER_PATHS = NO;
				CLANG_ANALYZER_NONNULL = YES;
				CLANG_CXX_LANGUAGE_STANDARD = "gnu++0x";
				CLANG_CXX_LIBRARY = "libc++";
				CLANG_ENABLE_MODULES = YES;
				CLANG_ENABLE_OBJC_ARC = YES;
				CLANG_WARN_BOOL_CONVERSION = YES;
				CLANG_WARN_CONSTANT_CONVERSION = YES;
				CLANG_WARN_DIRECT_OBJC_ISA_USAGE = YES_ERROR;
				CLANG_WARN_DOCUMENTATION_COMMENTS = YES;
				CLANG_WARN_EMPTY_BODY = YES;
				CLANG_WARN_ENUM_CONVERSION = YES;
				CLANG_WARN_INFINITE_RECURSION = YES;
				CLANG_WARN_INT_CONVERSION = YES;
				CLANG_WARN_OBJC_ROOT_CLASS = YES_ERROR;
				CLANG_WARN_SUSPICIOUS_MOVES = YES;
				CLANG_WARN_UNREACHABLE_CODE = YES;
				CLANG_WARN__DUPLICATE_METHOD_MATCH = YES;
				"CODE_SIGN_IDENTITY[sdk=iphoneos*]" = "iPhone Developer";
				COPY_PHASE_STRIP = NO;
				DEBUG_INFORMATION_FORMAT = dwarf;
				ENABLE_STRICT_OBJC_MSGSEND = YES;
				ENABLE_TESTABILITY = YES;
				GCC_C_LANGUAGE_STANDARD = gnu99;
				GCC_DYNAMIC_NO_PIC = NO;
				GCC_NO_COMMON_BLOCKS = YES;
				GCC_OPTIMIZATION_LEVEL = 0;
				GCC_PREPROCESSOR_DEFINITIONS = (
					"DEBUG=1",
					"$(inherited)",
				);
				GCC_WARN_64_TO_32_BIT_CONVERSION = YES;
				GCC_WARN_ABOUT_RETURN_TYPE = YES_ERROR;
				GCC_WARN_UNDECLARED_SELECTOR = YES;
				GCC_WARN_UNINITIALIZED_AUTOS = YES_AGGRESSIVE;
				GCC_WARN_UNUSED_FUNCTION = YES;
				GCC_WARN_UNUSED_VARIABLE = YES;
				IPHONEOS_DEPLOYMENT_TARGET = 10.0;
				MTL_ENABLE_DEBUG_INFO = YES;
				ONLY_ACTIVE_ARCH = YES;
				SDKROOT = iphoneos;
				SWIFT_ACTIVE_COMPILATION_CONDITIONS = DEBUG;
				SWIFT_OPTIMIZATION_LEVEL = "-Onone";
			};
			name = Debug;
		};
		A349C5861D7E2AEF00F8581A /* Release */ = {
			isa = XCBuildConfiguration;
			buildSettings = {
				ALWAYS_SEARCH_USER_PATHS = NO;
				CLANG_ANALYZER_NONNULL = YES;
				CLANG_CXX_LANGUAGE_STANDARD = "gnu++0x";
				CLANG_CXX_LIBRARY = "libc++";
				CLANG_ENABLE_MODULES = YES;
				CLANG_ENABLE_OBJC_ARC = YES;
				CLANG_WARN_BOOL_CONVERSION = YES;
				CLANG_WARN_CONSTANT_CONVERSION = YES;
				CLANG_WARN_DIRECT_OBJC_ISA_USAGE = YES_ERROR;
				CLANG_WARN_DOCUMENTATION_COMMENTS = YES;
				CLANG_WARN_EMPTY_BODY = YES;
				CLANG_WARN_ENUM_CONVERSION = YES;
				CLANG_WARN_INFINITE_RECURSION = YES;
				CLANG_WARN_INT_CONVERSION = YES;
				CLANG_WARN_OBJC_ROOT_CLASS = YES_ERROR;
				CLANG_WARN_SUSPICIOUS_MOVES = YES;
				CLANG_WARN_UNREACHABLE_CODE = YES;
				CLANG_WARN__DUPLICATE_METHOD_MATCH = YES;
				"CODE_SIGN_IDENTITY[sdk=iphoneos*]" = "iPhone Developer";
				COPY_PHASE_STRIP = NO;
				DEBUG_INFORMATION_FORMAT = "dwarf-with-dsym";
				ENABLE_NS_ASSERTIONS = NO;
				ENABLE_STRICT_OBJC_MSGSEND = YES;
				GCC_C_LANGUAGE_STANDARD = gnu99;
				GCC_NO_COMMON_BLOCKS = YES;
				GCC_WARN_64_TO_32_BIT_CONVERSION = YES;
				GCC_WARN_ABOUT_RETURN_TYPE = YES_ERROR;
				GCC_WARN_UNDECLARED_SELECTOR = YES;
				GCC_WARN_UNINITIALIZED_AUTOS = YES_AGGRESSIVE;
				GCC_WARN_UNUSED_FUNCTION = YES;
				GCC_WARN_UNUSED_VARIABLE = YES;
				IPHONEOS_DEPLOYMENT_TARGET = 10.0;
				MTL_ENABLE_DEBUG_INFO = NO;
				SDKROOT = iphoneos;
				SWIFT_OPTIMIZATION_LEVEL = "-Owholemodule";
				VALIDATE_PRODUCT = YES;
			};
			name = Release;
		};
		A349C5881D7E2AEF00F8581A /* Debug */ = {
			isa = XCBuildConfiguration;
			baseConfigurationReference = EBAD43C384BA66948B7F7E58 /* Pods-Saca el coto.debug.xcconfig */;
			buildSettings = {
				ASSETCATALOG_COMPILER_APPICON_NAME = AppIcon;
				INFOPLIST_FILE = "Saca el coto/Info.plist";
				LD_RUNPATH_SEARCH_PATHS = "$(inherited) @executable_path/Frameworks";
				PRODUCT_BUNDLE_IDENTIFIER = "mx.appdata.Saca-el-coto";
				PRODUCT_NAME = "$(TARGET_NAME)";
				SWIFT_VERSION = 3.0;
			};
			name = Debug;
		};
		A349C5891D7E2AEF00F8581A /* Release */ = {
			isa = XCBuildConfiguration;
			baseConfigurationReference = EE35233AEE98353882196F1E /* Pods-Saca el coto.release.xcconfig */;
			buildSettings = {
				ASSETCATALOG_COMPILER_APPICON_NAME = AppIcon;
				INFOPLIST_FILE = "Saca el coto/Info.plist";
				LD_RUNPATH_SEARCH_PATHS = "$(inherited) @executable_path/Frameworks";
				PRODUCT_BUNDLE_IDENTIFIER = "mx.appdata.Saca-el-coto";
				PRODUCT_NAME = "$(TARGET_NAME)";
				SWIFT_VERSION = 3.0;
			};
			name = Release;
		};
/* End XCBuildConfiguration section */

/* Begin XCConfigurationList section */
		A349C5701D7E2AEF00F8581A /* Build configuration list for PBXProject "Saca el coto" */ = {
			isa = XCConfigurationList;
			buildConfigurations = (
				A349C5851D7E2AEF00F8581A /* Debug */,
				A349C5861D7E2AEF00F8581A /* Release */,
			);
			defaultConfigurationIsVisible = 0;
			defaultConfigurationName = Release;
		};
		A349C5871D7E2AEF00F8581A /* Build configuration list for PBXNativeTarget "Saca el coto" */ = {
			isa = XCConfigurationList;
			buildConfigurations = (
				A349C5881D7E2AEF00F8581A /* Debug */,
				A349C5891D7E2AEF00F8581A /* Release */,
			);
			defaultConfigurationIsVisible = 0;
			defaultConfigurationName = Release;
		};
/* End XCConfigurationList section */
	};
	rootObject = A349C56D1D7E2AEF00F8581A /* Project object */;
}
